// !$*UTF8*$!
{
	archiveVersion = 1;
	classes = {
	};
	objectVersion = 56;
	objects = {

/* Begin PBXBuildFile section */
		E87F645D2BA2D99500B66D14 /* AvocadosApp.swift in Sources */ = {isa = PBXBuildFile; fileRef = E87F645C2BA2D99500B66D14 /* AvocadosApp.swift */; };
		E87F645F2BA2D99500B66D14 /* ContentView.swift in Sources */ = {isa = PBXBuildFile; fileRef = E87F645E2BA2D99500B66D14 /* ContentView.swift */; };
		E87F64612BA2D99700B66D14 /* Assets.xcassets in Resources */ = {isa = PBXBuildFile; fileRef = E87F64602BA2D99700B66D14 /* Assets.xcassets */; };
		E87F64642BA2D99700B66D14 /* Preview Assets.xcassets in Resources */ = {isa = PBXBuildFile; fileRef = E87F64632BA2D99700B66D14 /* Preview Assets.xcassets */; };
		E87F646B2BA2EB1200B66D14 /* Launch Screen.storyboard in Resources */ = {isa = PBXBuildFile; fileRef = E87F646A2BA2EB1200B66D14 /* Launch Screen.storyboard */; };
		E87F64752BA2F76500B66D14 /* RipeningData.txt in Resources */ = {isa = PBXBuildFile; fileRef = E87F64702BA2F76400B66D14 /* RipeningData.txt */; };
		E87F64762BA2F76500B66D14 /* HeaderData.txt in Resources */ = {isa = PBXBuildFile; fileRef = E87F64712BA2F76400B66D14 /* HeaderData.txt */; };
		E87F64772BA2F76500B66D14 /* RecipeData.txt in Resources */ = {isa = PBXBuildFile; fileRef = E87F64722BA2F76400B66D14 /* RecipeData.txt */; };
		E87F64782BA2F76500B66D14 /* FactData.txt in Resources */ = {isa = PBXBuildFile; fileRef = E87F64732BA2F76400B66D14 /* FactData.txt */; };
		E87F64792BA2F76500B66D14 /* Avocados.txt in Resources */ = {isa = PBXBuildFile; fileRef = E87F64742BA2F76500B66D14 /* Avocados.txt */; };
		E87F647D2BA2F7A600B66D14 /* RipeningStagesView.swift in Sources */ = {isa = PBXBuildFile; fileRef = E87F647C2BA2F7A600B66D14 /* RipeningStagesView.swift */; };
		E87F647F2BA2F93B00B66D14 /* SettingsView.swift in Sources */ = {isa = PBXBuildFile; fileRef = E87F647E2BA2F93B00B66D14 /* SettingsView.swift */; };
		E87F64812BA2FC8C00B66D14 /* AppView.swift in Sources */ = {isa = PBXBuildFile; fileRef = E87F64802BA2FC8C00B66D14 /* AppView.swift */; };
		E87F64862BA4345B00B66D14 /* RecipeData.swift in Sources */ = {isa = PBXBuildFile; fileRef = E87F64822BA4345A00B66D14 /* RecipeData.swift */; };
		E87F64872BA4345B00B66D14 /* RipeningData.swift in Sources */ = {isa = PBXBuildFile; fileRef = E87F64832BA4345A00B66D14 /* RipeningData.swift */; };
		E87F64882BA4345B00B66D14 /* FactData.swift in Sources */ = {isa = PBXBuildFile; fileRef = E87F64842BA4345A00B66D14 /* FactData.swift */; };
		E87F64892BA4345B00B66D14 /* HeaderData.swift in Sources */ = {isa = PBXBuildFile; fileRef = E87F64852BA4345A00B66D14 /* HeaderData.swift */; };
		E87F648E2BA4346E00B66D14 /* FactModel.swift in Sources */ = {isa = PBXBuildFile; fileRef = E87F648A2BA4346E00B66D14 /* FactModel.swift */; };
		E87F648F2BA4346E00B66D14 /* RipeningModel.swift in Sources */ = {isa = PBXBuildFile; fileRef = E87F648B2BA4346E00B66D14 /* RipeningModel.swift */; };
		E87F64902BA4346E00B66D14 /* RecipeModel.swift in Sources */ = {isa = PBXBuildFile; fileRef = E87F648C2BA4346E00B66D14 /* RecipeModel.swift */; };
		E87F64912BA4346E00B66D14 /* HeaderModel.swift in Sources */ = {isa = PBXBuildFile; fileRef = E87F648D2BA4346E00B66D14 /* HeaderModel.swift */; };
		E87F64952BA4350900B66D14 /* AvocadosView.swift in Sources */ = {isa = PBXBuildFile; fileRef = E87F64942BA4350900B66D14 /* AvocadosView.swift */; };
		E87F64972BA4363700B66D14 /* HeaderView.swift in Sources */ = {isa = PBXBuildFile; fileRef = E87F64962BA4363700B66D14 /* HeaderView.swift */; };
		E87F64992BA4378600B66D14 /* DishesView.swift in Sources */ = {isa = PBXBuildFile; fileRef = E87F64982BA4378600B66D14 /* DishesView.swift */; };
		E87F649B2BA437B800B66D14 /* RecipeCardView.swift in Sources */ = {isa = PBXBuildFile; fileRef = E87F649A2BA437B800B66D14 /* RecipeCardView.swift */; };
		E87F649D2BA437DA00B66D14 /* RecipeRatingView.swift in Sources */ = {isa = PBXBuildFile; fileRef = E87F649C2BA437DA00B66D14 /* RecipeRatingView.swift */; };
		E87F649F2BA4382400B66D14 /* RecipeCookingView.swift in Sources */ = {isa = PBXBuildFile; fileRef = E87F649E2BA4382400B66D14 /* RecipeCookingView.swift */; };
		E87F64A12BA4384500B66D14 /* RecipeDetailView.swift in Sources */ = {isa = PBXBuildFile; fileRef = E87F64A02BA4384500B66D14 /* RecipeDetailView.swift */; };
		E87F64A32BA438CB00B66D14 /* RipeningView.swift in Sources */ = {isa = PBXBuildFile; fileRef = E87F64A22BA438CB00B66D14 /* RipeningView.swift */; };
		E87F64A52BA4390100B66D14 /* FactsView.swift in Sources */ = {isa = PBXBuildFile; fileRef = E87F64A42BA4390100B66D14 /* FactsView.swift */; };
/* End PBXBuildFile section */

/* Begin PBXFileReference section */
		E87F64592BA2D99500B66D14 /* Avocados.app */ = {isa = PBXFileReference; explicitFileType = wrapper.application; includeInIndex = 0; path = Avocados.app; sourceTree = BUILT_PRODUCTS_DIR; };
		E87F645C2BA2D99500B66D14 /* AvocadosApp.swift */ = {isa = PBXFileReference; lastKnownFileType = sourcecode.swift; path = AvocadosApp.swift; sourceTree = "<group>"; };
		E87F645E2BA2D99500B66D14 /* ContentView.swift */ = {isa = PBXFileReference; lastKnownFileType = sourcecode.swift; path = ContentView.swift; sourceTree = "<group>"; };
		E87F64602BA2D99700B66D14 /* Assets.xcassets */ = {isa = PBXFileReference; lastKnownFileType = folder.assetcatalog; path = Assets.xcassets; sourceTree = "<group>"; };
		E87F64632BA2D99700B66D14 /* Preview Assets.xcassets */ = {isa = PBXFileReference; lastKnownFileType = folder.assetcatalog; path = "Preview Assets.xcassets"; sourceTree = "<group>"; };
		E87F646A2BA2EB1200B66D14 /* Launch Screen.storyboard */ = {isa = PBXFileReference; lastKnownFileType = file.storyboard; path = "Launch Screen.storyboard"; sourceTree = "<group>"; };
		E87F646C2BA2EE3100B66D14 /* Info.plist */ = {isa = PBXFileReference; lastKnownFileType = text.plist; path = Info.plist; sourceTree = "<group>"; };
		E87F64702BA2F76400B66D14 /* RipeningData.txt */ = {isa = PBXFileReference; fileEncoding = 4; lastKnownFileType = text; path = RipeningData.txt; sourceTree = "<group>"; };
		E87F64712BA2F76400B66D14 /* HeaderData.txt */ = {isa = PBXFileReference; fileEncoding = 4; lastKnownFileType = text; path = HeaderData.txt; sourceTree = "<group>"; };
		E87F64722BA2F76400B66D14 /* RecipeData.txt */ = {isa = PBXFileReference; fileEncoding = 4; lastKnownFileType = text; path = RecipeData.txt; sourceTree = "<group>"; };
		E87F64732BA2F76400B66D14 /* FactData.txt */ = {isa = PBXFileReference; fileEncoding = 4; lastKnownFileType = text; path = FactData.txt; sourceTree = "<group>"; };
		E87F64742BA2F76500B66D14 /* Avocados.txt */ = {isa = PBXFileReference; fileEncoding = 4; lastKnownFileType = text; path = Avocados.txt; sourceTree = "<group>"; };
		E87F647C2BA2F7A600B66D14 /* RipeningStagesView.swift */ = {isa = PBXFileReference; lastKnownFileType = sourcecode.swift; path = RipeningStagesView.swift; sourceTree = "<group>"; };
		E87F647E2BA2F93B00B66D14 /* SettingsView.swift */ = {isa = PBXFileReference; lastKnownFileType = sourcecode.swift; path = SettingsView.swift; sourceTree = "<group>"; };
		E87F64802BA2FC8C00B66D14 /* AppView.swift */ = {isa = PBXFileReference; lastKnownFileType = sourcecode.swift; path = AppView.swift; sourceTree = "<group>"; };
		E87F64822BA4345A00B66D14 /* RecipeData.swift */ = {isa = PBXFileReference; fileEncoding = 4; lastKnownFileType = sourcecode.swift; path = RecipeData.swift; sourceTree = "<group>"; };
		E87F64832BA4345A00B66D14 /* RipeningData.swift */ = {isa = PBXFileReference; fileEncoding = 4; lastKnownFileType = sourcecode.swift; path = RipeningData.swift; sourceTree = "<group>"; };
		E87F64842BA4345A00B66D14 /* FactData.swift */ = {isa = PBXFileReference; fileEncoding = 4; lastKnownFileType = sourcecode.swift; path = FactData.swift; sourceTree = "<group>"; };
		E87F64852BA4345A00B66D14 /* HeaderData.swift */ = {isa = PBXFileReference; fileEncoding = 4; lastKnownFileType = sourcecode.swift; path = HeaderData.swift; sourceTree = "<group>"; };
		E87F648A2BA4346E00B66D14 /* FactModel.swift */ = {isa = PBXFileReference; fileEncoding = 4; lastKnownFileType = sourcecode.swift; path = FactModel.swift; sourceTree = "<group>"; };
		E87F648B2BA4346E00B66D14 /* RipeningModel.swift */ = {isa = PBXFileReference; fileEncoding = 4; lastKnownFileType = sourcecode.swift; path = RipeningModel.swift; sourceTree = "<group>"; };
		E87F648C2BA4346E00B66D14 /* RecipeModel.swift */ = {isa = PBXFileReference; fileEncoding = 4; lastKnownFileType = sourcecode.swift; path = RecipeModel.swift; sourceTree = "<group>"; };
		E87F648D2BA4346E00B66D14 /* HeaderModel.swift */ = {isa = PBXFileReference; fileEncoding = 4; lastKnownFileType = sourcecode.swift; path = HeaderModel.swift; sourceTree = "<group>"; };
		E87F64942BA4350900B66D14 /* AvocadosView.swift */ = {isa = PBXFileReference; lastKnownFileType = sourcecode.swift; path = AvocadosView.swift; sourceTree = "<group>"; };
		E87F64962BA4363700B66D14 /* HeaderView.swift */ = {isa = PBXFileReference; lastKnownFileType = sourcecode.swift; path = HeaderView.swift; sourceTree = "<group>"; };
		E87F64982BA4378600B66D14 /* DishesView.swift */ = {isa = PBXFileReference; lastKnownFileType = sourcecode.swift; path = DishesView.swift; sourceTree = "<group>"; };
		E87F649A2BA437B800B66D14 /* RecipeCardView.swift */ = {isa = PBXFileReference; lastKnownFileType = sourcecode.swift; path = RecipeCardView.swift; sourceTree = "<group>"; };
		E87F649C2BA437DA00B66D14 /* RecipeRatingView.swift */ = {isa = PBXFileReference; lastKnownFileType = sourcecode.swift; path = RecipeRatingView.swift; sourceTree = "<group>"; };
		E87F649E2BA4382400B66D14 /* RecipeCookingView.swift */ = {isa = PBXFileReference; lastKnownFileType = sourcecode.swift; path = RecipeCookingView.swift; sourceTree = "<group>"; };
		E87F64A02BA4384500B66D14 /* RecipeDetailView.swift */ = {isa = PBXFileReference; lastKnownFileType = sourcecode.swift; path = RecipeDetailView.swift; sourceTree = "<group>"; };
		E87F64A22BA438CB00B66D14 /* RipeningView.swift */ = {isa = PBXFileReference; lastKnownFileType = sourcecode.swift; path = RipeningView.swift; sourceTree = "<group>"; };
		E87F64A42BA4390100B66D14 /* FactsView.swift */ = {isa = PBXFileReference; lastKnownFileType = sourcecode.swift; path = FactsView.swift; sourceTree = "<group>"; };
/* End PBXFileReference section */

/* Begin PBXFrameworksBuildPhase section */
		E87F64562BA2D99500B66D14 /* Frameworks */ = {
			isa = PBXFrameworksBuildPhase;
			buildActionMask = 2147483647;
			files = (
			);
			runOnlyForDeploymentPostprocessing = 0;
		};
/* End PBXFrameworksBuildPhase section */

/* Begin PBXGroup section */
		E87F64502BA2D99500B66D14 = {
			isa = PBXGroup;
			children = (
				E87F645B2BA2D99500B66D14 /* Avocados */,
				E87F645A2BA2D99500B66D14 /* Products */,
			);
			sourceTree = "<group>";
		};
		E87F645A2BA2D99500B66D14 /* Products */ = {
			isa = PBXGroup;
			children = (
				E87F64592BA2D99500B66D14 /* Avocados.app */,
			);
			name = Products;
			sourceTree = "<group>";
		};
		E87F645B2BA2D99500B66D14 /* Avocados */ = {
			isa = PBXGroup;
			children = (
				E87F646F2BA2F71000B66D14 /* View */,
				E87F646E2BA2F70800B66D14 /* Model */,
				E87F646D2BA2F70100B66D14 /* Data */,
				E87F646C2BA2EE3100B66D14 /* Info.plist */,
				E87F64602BA2D99700B66D14 /* Assets.xcassets */,
				E87F646A2BA2EB1200B66D14 /* Launch Screen.storyboard */,
				E87F64622BA2D99700B66D14 /* Preview Content */,
			);
			path = Avocados;
			sourceTree = "<group>";
		};
		E87F64622BA2D99700B66D14 /* Preview Content */ = {
			isa = PBXGroup;
			children = (
				E87F64632BA2D99700B66D14 /* Preview Assets.xcassets */,
			);
			path = "Preview Content";
			sourceTree = "<group>";
		};
		E87F646D2BA2F70100B66D14 /* Data */ = {
			isa = PBXGroup;
			children = (
				E87F64842BA4345A00B66D14 /* FactData.swift */,
				E87F64852BA4345A00B66D14 /* HeaderData.swift */,
				E87F64822BA4345A00B66D14 /* RecipeData.swift */,
				E87F64832BA4345A00B66D14 /* RipeningData.swift */,
				E87F64742BA2F76500B66D14 /* Avocados.txt */,
				E87F64732BA2F76400B66D14 /* FactData.txt */,
				E87F64712BA2F76400B66D14 /* HeaderData.txt */,
				E87F64722BA2F76400B66D14 /* RecipeData.txt */,
				E87F64702BA2F76400B66D14 /* RipeningData.txt */,
			);
			path = Data;
			sourceTree = "<group>";
		};
		E87F646E2BA2F70800B66D14 /* Model */ = {
			isa = PBXGroup;
			children = (
				E87F648A2BA4346E00B66D14 /* FactModel.swift */,
				E87F648D2BA4346E00B66D14 /* HeaderModel.swift */,
				E87F648C2BA4346E00B66D14 /* RecipeModel.swift */,
				E87F648B2BA4346E00B66D14 /* RipeningModel.swift */,
			);
			path = Model;
			sourceTree = "<group>";
		};
		E87F646F2BA2F71000B66D14 /* View */ = {
			isa = PBXGroup;
			children = (
				E87F645C2BA2D99500B66D14 /* AvocadosApp.swift */,
				E87F645E2BA2D99500B66D14 /* ContentView.swift */,
				E87F647C2BA2F7A600B66D14 /* RipeningStagesView.swift */,
				E87F647E2BA2F93B00B66D14 /* SettingsView.swift */,
				E87F64802BA2FC8C00B66D14 /* AppView.swift */,
				E87F64942BA4350900B66D14 /* AvocadosView.swift */,
				E87F64962BA4363700B66D14 /* HeaderView.swift */,
				E87F64982BA4378600B66D14 /* DishesView.swift */,
				E87F649A2BA437B800B66D14 /* RecipeCardView.swift */,
				E87F649C2BA437DA00B66D14 /* RecipeRatingView.swift */,
				E87F649E2BA4382400B66D14 /* RecipeCookingView.swift */,
				E87F64A02BA4384500B66D14 /* RecipeDetailView.swift */,
				E87F64A22BA438CB00B66D14 /* RipeningView.swift */,
				E87F64A42BA4390100B66D14 /* FactsView.swift */,
			);
			path = View;
			sourceTree = "<group>";
		};
/* End PBXGroup section */

/* Begin PBXNativeTarget section */
		E87F64582BA2D99500B66D14 /* Avocados */ = {
			isa = PBXNativeTarget;
			buildConfigurationList = E87F64672BA2D99700B66D14 /* Build configuration list for PBXNativeTarget "Avocados" */;
			buildPhases = (
				E87F64552BA2D99500B66D14 /* Sources */,
				E87F64562BA2D99500B66D14 /* Frameworks */,
				E87F64572BA2D99500B66D14 /* Resources */,
			);
			buildRules = (
			);
			dependencies = (
			);
			name = Avocados;
			productName = Avocados;
			productReference = E87F64592BA2D99500B66D14 /* Avocados.app */;
			productType = "com.apple.product-type.application";
		};
/* End PBXNativeTarget section */

/* Begin PBXProject section */
		E87F64512BA2D99500B66D14 /* Project object */ = {
			isa = PBXProject;
			attributes = {
				BuildIndependentTargetsInParallel = 1;
				LastSwiftUpdateCheck = 1420;
				LastUpgradeCheck = 1420;
				TargetAttributes = {
					E87F64582BA2D99500B66D14 = {
						CreatedOnToolsVersion = 14.2;
					};
				};
			};
			buildConfigurationList = E87F64542BA2D99500B66D14 /* Build configuration list for PBXProject "Avocados" */;
			compatibilityVersion = "Xcode 14.0";
			developmentRegion = en;
			hasScannedForEncodings = 0;
			knownRegions = (
				en,
				Base,
			);
			mainGroup = E87F64502BA2D99500B66D14;
			productRefGroup = E87F645A2BA2D99500B66D14 /* Products */;
			projectDirPath = "";
			projectRoot = "";
			targets = (
				E87F64582BA2D99500B66D14 /* Avocados */,
			);
		};
/* End PBXProject section */

/* Begin PBXResourcesBuildPhase section */
		E87F64572BA2D99500B66D14 /* Resources */ = {
			isa = PBXResourcesBuildPhase;
			buildActionMask = 2147483647;
			files = (
				E87F64752BA2F76500B66D14 /* RipeningData.txt in Resources */,
				E87F646B2BA2EB1200B66D14 /* Launch Screen.storyboard in Resources */,
				E87F64792BA2F76500B66D14 /* Avocados.txt in Resources */,
				E87F64782BA2F76500B66D14 /* FactData.txt in Resources */,
				E87F64772BA2F76500B66D14 /* RecipeData.txt in Resources */,
				E87F64642BA2D99700B66D14 /* Preview Assets.xcassets in Resources */,
				E87F64612BA2D99700B66D14 /* Assets.xcassets in Resources */,
				E87F64762BA2F76500B66D14 /* HeaderData.txt in Resources */,
			);
			runOnlyForDeploymentPostprocessing = 0;
		};
/* End PBXResourcesBuildPhase section */

/* Begin PBXSourcesBuildPhase section */
		E87F64552BA2D99500B66D14 /* Sources */ = {
			isa = PBXSourcesBuildPhase;
			buildActionMask = 2147483647;
			files = (
				E87F647F2BA2F93B00B66D14 /* SettingsView.swift in Sources */,
				E87F645F2BA2D99500B66D14 /* ContentView.swift in Sources */,
				E87F64952BA4350900B66D14 /* AvocadosView.swift in Sources */,
				E87F64862BA4345B00B66D14 /* RecipeData.swift in Sources */,
				E87F649F2BA4382400B66D14 /* RecipeCookingView.swift in Sources */,
				E87F64902BA4346E00B66D14 /* RecipeModel.swift in Sources */,
				E87F64872BA4345B00B66D14 /* RipeningData.swift in Sources */,
				E87F64992BA4378600B66D14 /* DishesView.swift in Sources */,
				E87F649D2BA437DA00B66D14 /* RecipeRatingView.swift in Sources */,
				E87F64812BA2FC8C00B66D14 /* AppView.swift in Sources */,
				E87F64882BA4345B00B66D14 /* FactData.swift in Sources */,
				E87F64A12BA4384500B66D14 /* RecipeDetailView.swift in Sources */,
				E87F649B2BA437B800B66D14 /* RecipeCardView.swift in Sources */,
				E87F647D2BA2F7A600B66D14 /* RipeningStagesView.swift in Sources */,
				E87F64912BA4346E00B66D14 /* HeaderModel.swift in Sources */,
				E87F64972BA4363700B66D14 /* HeaderView.swift in Sources */,
				E87F64A32BA438CB00B66D14 /* RipeningView.swift in Sources */,
				E87F645D2BA2D99500B66D14 /* AvocadosApp.swift in Sources */,
				E87F64892BA4345B00B66D14 /* HeaderData.swift in Sources */,
				E87F648E2BA4346E00B66D14 /* FactModel.swift in Sources */,
				E87F64A52BA4390100B66D14 /* FactsView.swift in Sources */,
				E87F648F2BA4346E00B66D14 /* RipeningModel.swift in Sources */,
			);
			runOnlyForDeploymentPostprocessing = 0;
		};
/* End PBXSourcesBuildPhase section */

/* Begin XCBuildConfiguration section */
		E87F64652BA2D99700B66D14 /* Debug */ = {
			isa = XCBuildConfiguration;
			buildSettings = {
				ALWAYS_SEARCH_USER_PATHS = NO;
				CLANG_ANALYZER_NONNULL = YES;
				CLANG_ANALYZER_NUMBER_OBJECT_CONVERSION = YES_AGGRESSIVE;
				CLANG_CXX_LANGUAGE_STANDARD = "gnu++20";
				CLANG_ENABLE_MODULES = YES;
				CLANG_ENABLE_OBJC_ARC = YES;
				CLANG_ENABLE_OBJC_WEAK = YES;
				CLANG_WARN_BLOCK_CAPTURE_AUTORELEASING = YES;
				CLANG_WARN_BOOL_CONVERSION = YES;
				CLANG_WARN_COMMA = YES;
				CLANG_WARN_CONSTANT_CONVERSION = YES;
				CLANG_WARN_DEPRECATED_OBJC_IMPLEMENTATIONS = YES;
				CLANG_WARN_DIRECT_OBJC_ISA_USAGE = YES_ERROR;
				CLANG_WARN_DOCUMENTATION_COMMENTS = YES;
				CLANG_WARN_EMPTY_BODY = YES;
				CLANG_WARN_ENUM_CONVERSION = YES;
				CLANG_WARN_INFINITE_RECURSION = YES;
				CLANG_WARN_INT_CONVERSION = YES;
				CLANG_WARN_NON_LITERAL_NULL_CONVERSION = YES;
				CLANG_WARN_OBJC_IMPLICIT_RETAIN_SELF = YES;
				CLANG_WARN_OBJC_LITERAL_CONVERSION = YES;
				CLANG_WARN_OBJC_ROOT_CLASS = YES_ERROR;
				CLANG_WARN_QUOTED_INCLUDE_IN_FRAMEWORK_HEADER = YES;
				CLANG_WARN_RANGE_LOOP_ANALYSIS = YES;
				CLANG_WARN_STRICT_PROTOTYPES = YES;
				CLANG_WARN_SUSPICIOUS_MOVE = YES;
				CLANG_WARN_UNGUARDED_AVAILABILITY = YES_AGGRESSIVE;
				CLANG_WARN_UNREACHABLE_CODE = YES;
				CLANG_WARN__DUPLICATE_METHOD_MATCH = YES;
				COPY_PHASE_STRIP = NO;
				DEBUG_INFORMATION_FORMAT = dwarf;
				ENABLE_STRICT_OBJC_MSGSEND = YES;
				ENABLE_TESTABILITY = YES;
				GCC_C_LANGUAGE_STANDARD = gnu11;
				GCC_DYNAMIC_NO_PIC = NO;
				GCC_NO_COMMON_BLOCKS = YES;
				GCC_OPTIMIZATION_LEVEL = 0;
				GCC_PREPROCESSOR_DEFINITIONS = (
					"DEBUG=1",
					"$(inherited)",
				);
				GCC_WARN_64_TO_32_BIT_CONVERSION = YES;
				GCC_WARN_ABOUT_RETURN_TYPE = YES_ERROR;
				GCC_WARN_UNDECLARED_SELECTOR = YES;
				GCC_WARN_UNINITIALIZED_AUTOS = YES_AGGRESSIVE;
				GCC_WARN_UNUSED_FUNCTION = YES;
				GCC_WARN_UNUSED_VARIABLE = YES;
				IPHONEOS_DEPLOYMENT_TARGET = 16.2;
				MTL_ENABLE_DEBUG_INFO = INCLUDE_SOURCE;
				MTL_FAST_MATH = YES;
				ONLY_ACTIVE_ARCH = YES;
				SDKROOT = iphoneos;
				SWIFT_ACTIVE_COMPILATION_CONDITIONS = DEBUG;
				SWIFT_OPTIMIZATION_LEVEL = "-Onone";
			};
			name = Debug;
		};
		E87F64662BA2D99700B66D14 /* Release */ = {
			isa = XCBuildConfiguration;
			buildSettings = {
				ALWAYS_SEARCH_USER_PATHS = NO;
				CLANG_ANALYZER_NONNULL = YES;
				CLANG_ANALYZER_NUMBER_OBJECT_CONVERSION = YES_AGGRESSIVE;
				CLANG_CXX_LANGUAGE_STANDARD = "gnu++20";
				CLANG_ENABLE_MODULES = YES;
				CLANG_ENABLE_OBJC_ARC = YES;
				CLANG_ENABLE_OBJC_WEAK = YES;
				CLANG_WARN_BLOCK_CAPTURE_AUTORELEASING = YES;
				CLANG_WARN_BOOL_CONVERSION = YES;
				CLANG_WARN_COMMA = YES;
				CLANG_WARN_CONSTANT_CONVERSION = YES;
				CLANG_WARN_DEPRECATED_OBJC_IMPLEMENTATIONS = YES;
				CLANG_WARN_DIRECT_OBJC_ISA_USAGE = YES_ERROR;
				CLANG_WARN_DOCUMENTATION_COMMENTS = YES;
				CLANG_WARN_EMPTY_BODY = YES;
				CLANG_WARN_ENUM_CONVERSION = YES;
				CLANG_WARN_INFINITE_RECURSION = YES;
				CLANG_WARN_INT_CONVERSION = YES;
				CLANG_WARN_NON_LITERAL_NULL_CONVERSION = YES;
				CLANG_WARN_OBJC_IMPLICIT_RETAIN_SELF = YES;
				CLANG_WARN_OBJC_LITERAL_CONVERSION = YES;
				CLANG_WARN_OBJC_ROOT_CLASS = YES_ERROR;
				CLANG_WARN_QUOTED_INCLUDE_IN_FRAMEWORK_HEADER = YES;
				CLANG_WARN_RANGE_LOOP_ANALYSIS = YES;
				CLANG_WARN_STRICT_PROTOTYPES = YES;
				CLANG_WARN_SUSPICIOUS_MOVE = YES;
				CLANG_WARN_UNGUARDED_AVAILABILITY = YES_AGGRESSIVE;
				CLANG_WARN_UNREACHABLE_CODE = YES;
				CLANG_WARN__DUPLICATE_METHOD_MATCH = YES;
				COPY_PHASE_STRIP = NO;
				DEBUG_INFORMATION_FORMAT = "dwarf-with-dsym";
				ENABLE_NS_ASSERTIONS = NO;
				ENABLE_STRICT_OBJC_MSGSEND = YES;
				GCC_C_LANGUAGE_STANDARD = gnu11;
				GCC_NO_COMMON_BLOCKS = YES;
				GCC_WARN_64_TO_32_BIT_CONVERSION = YES;
				GCC_WARN_ABOUT_RETURN_TYPE = YES_ERROR;
				GCC_WARN_UNDECLARED_SELECTOR = YES;
				GCC_WARN_UNINITIALIZED_AUTOS = YES_AGGRESSIVE;
				GCC_WARN_UNUSED_FUNCTION = YES;
				GCC_WARN_UNUSED_VARIABLE = YES;
				IPHONEOS_DEPLOYMENT_TARGET = 16.2;
				MTL_ENABLE_DEBUG_INFO = NO;
				MTL_FAST_MATH = YES;
				SDKROOT = iphoneos;
				SWIFT_COMPILATION_MODE = wholemodule;
				SWIFT_OPTIMIZATION_LEVEL = "-O";
				VALIDATE_PRODUCT = YES;
			};
			name = Release;
		};
		E87F64682BA2D99700B66D14 /* Debug */ = {
			isa = XCBuildConfiguration;
			buildSettings = {
				ASSETCATALOG_COMPILER_APPICON_NAME = AppIcon;
				ASSETCATALOG_COMPILER_GLOBAL_ACCENT_COLOR_NAME = AccentColor;
				ASSETCATALOG_COMPILER_INCLUDE_ALL_APPICON_ASSETS = NO;
				CODE_SIGN_STYLE = Automatic;
				CURRENT_PROJECT_VERSION = 1;
				DEVELOPMENT_ASSET_PATHS = "\"Avocados/Preview Content\"";
				DEVELOPMENT_TEAM = 52YSN62MCL;
				ENABLE_PREVIEWS = YES;
				GENERATE_INFOPLIST_FILE = YES;
				INFOPLIST_FILE = Avocados/Info.plist;
				INFOPLIST_KEY_UIApplicationSceneManifest_Generation = YES;
				INFOPLIST_KEY_UIApplicationSupportsIndirectInputEvents = YES;
				INFOPLIST_KEY_UILaunchScreen_Generation = YES;
				INFOPLIST_KEY_UILaunchStoryboardName = "Launch Screen.storyboard";
				INFOPLIST_KEY_UISupportedInterfaceOrientations = UIInterfaceOrientationPortrait;
				INFOPLIST_KEY_UISupportedInterfaceOrientations_iPad = "UIInterfaceOrientationLandscapeLeft UIInterfaceOrientationLandscapeRight UIInterfaceOrientationPortrait UIInterfaceOrientationPortraitUpsideDown";
				LD_RUNPATH_SEARCH_PATHS = (
					"$(inherited)",
					"@executable_path/Frameworks",
				);
				MARKETING_VERSION = 1.0;
				PRODUCT_BUNDLE_IDENTIFIER = com.GGDol.Avocados;
				PRODUCT_NAME = "$(TARGET_NAME)";
				SWIFT_EMIT_LOC_STRINGS = YES;
				SWIFT_VERSION = 5.0;
				TARGETED_DEVICE_FAMILY = "1,2";
			};
			name = Debug;
		};
		E87F64692BA2D99700B66D14 /* Release */ = {
			isa = XCBuildConfiguration;
			buildSettings = {
				ASSETCATALOG_COMPILER_APPICON_NAME = AppIcon;
				ASSETCATALOG_COMPILER_GLOBAL_ACCENT_COLOR_NAME = AccentColor;
				ASSETCATALOG_COMPILER_INCLUDE_ALL_APPICON_ASSETS = NO;
				CODE_SIGN_STYLE = Automatic;
				CURRENT_PROJECT_VERSION = 1;
				DEVELOPMENT_ASSET_PATHS = "\"Avocados/Preview Content\"";
				DEVELOPMENT_TEAM = 52YSN62MCL;
				ENABLE_PREVIEWS = YES;
				GENERATE_INFOPLIST_FILE = YES;
				INFOPLIST_FILE = Avocados/Info.plist;
				INFOPLIST_KEY_UIApplicationSceneManifest_Generation = YES;
				INFOPLIST_KEY_UIApplicationSupportsIndirectInputEvents = YES;
				INFOPLIST_KEY_UILaunchScreen_Generation = YES;
				INFOPLIST_KEY_UILaunchStoryboardName = "Launch Screen.storyboard";
				INFOPLIST_KEY_UISupportedInterfaceOrientations = UIInterfaceOrientationPortrait;
				INFOPLIST_KEY_UISupportedInterfaceOrientations_iPad = "UIInterfaceOrientationLandscapeLeft UIInterfaceOrientationLandscapeRight UIInterfaceOrientationPortrait UIInterfaceOrientationPortraitUpsideDown";
				LD_RUNPATH_SEARCH_PATHS = (
					"$(inherited)",
					"@executable_path/Frameworks",
				);
				MARKETING_VERSION = 1.0;
				PRODUCT_BUNDLE_IDENTIFIER = com.GGDol.Avocados;
				PRODUCT_NAME = "$(TARGET_NAME)";
				SWIFT_EMIT_LOC_STRINGS = YES;
				SWIFT_VERSION = 5.0;
				TARGETED_DEVICE_FAMILY = "1,2";
			};
			name = Release;
		};
/* End XCBuildConfiguration section */

/* Begin XCConfigurationList section */
		E87F64542BA2D99500B66D14 /* Build configuration list for PBXProject "Avocados" */ = {
			isa = XCConfigurationList;
			buildConfigurations = (
				E87F64652BA2D99700B66D14 /* Debug */,
				E87F64662BA2D99700B66D14 /* Release */,
			);
			defaultConfigurationIsVisible = 0;
			defaultConfigurationName = Release;
		};
		E87F64672BA2D99700B66D14 /* Build configuration list for PBXNativeTarget "Avocados" */ = {
			isa = XCConfigurationList;
			buildConfigurations = (
				E87F64682BA2D99700B66D14 /* Debug */,
				E87F64692BA2D99700B66D14 /* Release */,
			);
			defaultConfigurationIsVisible = 0;
			defaultConfigurationName = Release;
		};
/* End XCConfigurationList section */
	};
	rootObject = E87F64512BA2D99500B66D14 /* Project object */;
}
